
Microsoft Visual Studio Solution File, Format Version 12.00
# Visual Studio Version 17
VisualStudioVersion = 17.12.35527.113
MinimumVisualStudioVersion = 10.0.40219.1
Project("{FAE04EC0-301F-11D3-BF4B-00C04F79EFBC}") = "Jungle-Single.Api", "Jungle-Single.Api\Jungle-Single.Api.csproj", "{4B7FE0A8-0ADB-42E2-BE62-08B41D9AE5E4}"
EndProject
Project("{FAE04EC0-301F-11D3-BF4B-00C04F79EFBC}") = "Jungle-Single.Core", "Jungle-Single.Core\Jungle-Single.Core.csproj", "{CF595B22-E162-4A59-8182-647B20CB4C1A}"
EndProject
Project("{FAE04EC0-301F-11D3-BF4B-00C04F79EFBC}") = "Jungle-Single.Data", "Jungle-Single.Data\Jungle-Single.Data.csproj", "{973FB8F4-D60F-4E56-98E8-9CA257B3D403}"
EndProject
Project("{FAE04EC0-301F-11D3-BF4B-00C04F79EFBC}") = "Jungle-Single.Service", "Jungle-Single.Service\Jungle-Single.Service.csproj", "{0900E9D5-7D89-4F4E-9239-4DD1A5967428}"
EndProject
Project("{2150E333-8FDC-42A3-9474-1A3956D46DE8}") = "Solution Items", "Solution Items", "{77D9185F-A2B7-4B4C-9B9A-AF6FC7703A2D}"
EndProject
Global
	GlobalSection(SolutionConfigurationPlatforms) = preSolution
		Debug|Any CPU = Debug|Any CPU
		Release|Any CPU = Release|Any CPU
	EndGlobalSection
	GlobalSection(ProjectConfigurationPlatforms) = postSolution
		{4B7FE0A8-0ADB-42E2-BE62-08B41D9AE5E4}.Debug|Any CPU.ActiveCfg = Debug|Any CPU
		{4B7FE0A8-0ADB-42E2-BE62-08B41D9AE5E4}.Debug|Any CPU.Build.0 = Debug|Any CPU
		{4B7FE0A8-0ADB-42E2-BE62-08B41D9AE5E4}.Release|Any CPU.ActiveCfg = Release|Any CPU
		{4B7FE0A8-0ADB-42E2-BE62-08B41D9AE5E4}.Release|Any CPU.Build.0 = Release|Any CPU
		{CF595B22-E162-4A59-8182-647B20CB4C1A}.Debug|Any CPU.ActiveCfg = Debug|Any CPU
		{CF595B22-E162-4A59-8182-647B20CB4C1A}.Debug|Any CPU.Build.0 = Debug|Any CPU
		{CF595B22-E162-4A59-8182-647B20CB4C1A}.Release|Any CPU.ActiveCfg = Release|Any CPU
		{CF595B22-E162-4A59-8182-647B20CB4C1A}.Release|Any CPU.Build.0 = Release|Any CPU
		{973FB8F4-D60F-4E56-98E8-9CA257B3D403}.Debug|Any CPU.ActiveCfg = Debug|Any CPU
		{973FB8F4-D60F-4E56-98E8-9CA257B3D403}.Debug|Any CPU.Build.0 = Debug|Any CPU
		{973FB8F4-D60F-4E56-98E8-9CA257B3D403}.Release|Any CPU.ActiveCfg = Release|Any CPU
		{973FB8F4-D60F-4E56-98E8-9CA257B3D403}.Release|Any CPU.Build.0 = Release|Any CPU
		{0900E9D5-7D89-4F4E-9239-4DD1A5967428}.Debug|Any CPU.ActiveCfg = Debug|Any CPU
		{0900E9D5-7D89-4F4E-9239-4DD1A5967428}.Debug|Any CPU.Build.0 = Debug|Any CPU
		{0900E9D5-7D89-4F4E-9239-4DD1A5967428}.Release|Any CPU.ActiveCfg = Release|Any CPU
		{0900E9D5-7D89-4F4E-9239-4DD1A5967428}.Release|Any CPU.Build.0 = Release|Any CPU
	EndGlobalSection
	GlobalSection(SolutionProperties) = preSolution
		HideSolutionNode = FALSE
	EndGlobalSection
EndGlobal
